
Microsoft Visual Studio Solution File, Format Version 12.00
# Visual Studio Version 16
VisualStudioVersion = 16.0.31605.320
MinimumVisualStudioVersion = 10.0.40219.1
Project("{2150E333-8FDC-42A3-9474-1A3956D46DE8}") = "src", "src", "{D5760EC3-83DF-4369-8364-B525B87F1E09}"
EndProject
Project("{2150E333-8FDC-42A3-9474-1A3956D46DE8}") = "Building Blocks", "Building Blocks", "{AE253E93-1A56-4F5C-A1B7-534534AE77FE}"
EndProject
Project("{2150E333-8FDC-42A3-9474-1A3956D46DE8}") = "Services", "Services", "{60B55F78-6A87-4BED-86C1-EA32B001EB6C}"
EndProject
Project("{2150E333-8FDC-42A3-9474-1A3956D46DE8}") = "Web", "Web", "{FCBE4F51-6325-4635-8145-C530AD012F96}"
EndProject
Project("{2150E333-8FDC-42A3-9474-1A3956D46DE8}") = "Identidade", "Identidade", "{65388425-0B74-431C-94AD-FE73ACBDB268}"
EndProject
Project("{9A19103F-16F7-4668-BE54-9A1E7A4F7556}") = "LSS.Identidade.API", "src\services\LSS.Identidade.API\LSS.Identidade.API.csproj", "{A39AB5A1-970A-4B25-838C-33E80EC35891}"
EndProject
Project("{2150E333-8FDC-42A3-9474-1A3956D46DE8}") = "MVC", "MVC", "{4765E9CE-C639-4777-B4B3-1817C6595E2D}"
EndProject
Project("{FAE04EC0-301F-11D3-BF4B-00C04F79EFBC}") = "LSS.WebApp.MVC", "src\web\LSS.WebApp.MVC\LSS.WebApp.MVC.csproj", "{D566BE9E-5F1B-4D28-B0CD-A5A7D38C00EB}"
EndProject
Project("{2150E333-8FDC-42A3-9474-1A3956D46DE8}") = "Core", "Core", "{D59087B7-F3CC-4029-B136-EB1C9A2C2AA3}"
EndProject
Project("{FAE04EC0-301F-11D3-BF4B-00C04F79EFBC}") = "LSS.Core", "src\building blocks\LSS.Core\LSS.Core.csproj", "{1572DD8F-8D4B-47BD-AB6C-85A2CAE651B4}"
EndProject
Project("{2150E333-8FDC-42A3-9474-1A3956D46DE8}") = "Carrinho", "Carrinho", "{E77355D6-1784-4F67-9090-11143BACF5A1}"
EndProject
Project("{2150E333-8FDC-42A3-9474-1A3956D46DE8}") = "Catalogo", "Catalogo", "{8E9991E5-AE7A-44C7-BC4E-55A7ADE96650}"
EndProject
Project("{2150E333-8FDC-42A3-9474-1A3956D46DE8}") = "Cliente", "Cliente", "{4BBB5803-4343-4278-8516-02FCCE741C1A}"
EndProject
Project("{2150E333-8FDC-42A3-9474-1A3956D46DE8}") = "Pagamento", "Pagamento", "{0CD18CA4-C835-4C7C-ACDA-0DE60E1BA836}"
EndProject
Project("{2150E333-8FDC-42A3-9474-1A3956D46DE8}") = "Pedido", "Pedido", "{F8D9BC80-11A3-427B-BF95-3D1129B57142}"
EndProject
Project("{FAE04EC0-301F-11D3-BF4B-00C04F79EFBC}") = "LSS.Carrinho.API", "src\services\LSS.Carrinho.API\LSS.Carrinho.API.csproj", "{507E0A73-59C6-4D70-85F0-A2512DF5FBDC}"
EndProject
Project("{FAE04EC0-301F-11D3-BF4B-00C04F79EFBC}") = "LSS.Catalogo.API", "src\services\LSS.Catalogo.API\LSS.Catalogo.API.csproj", "{95613A5E-42DA-4A28-8658-59AEF5647EF4}"
EndProject
Project("{FAE04EC0-301F-11D3-BF4B-00C04F79EFBC}") = "LSS.Cliente.API", "src\services\LSS.Cliente.API\LSS.Cliente.API.csproj", "{C1B360F5-8501-4E24-9CD7-64EDE1373771}"
EndProject
Project("{FAE04EC0-301F-11D3-BF4B-00C04F79EFBC}") = "LSS.Pagamento.API", "src\services\LSS.Pagamento.API\LSS.Pagamento.API.csproj", "{63B88799-C2F0-48A2-BB86-461B702E5B82}"
EndProject
Project("{FAE04EC0-301F-11D3-BF4B-00C04F79EFBC}") = "LSS.Pedido.API", "src\services\LSS.Pedido.API\LSS.Pedido.API.csproj", "{A84AA186-A660-44D7-888F-397C92560733}"
EndProject
Global
	GlobalSection(SolutionConfigurationPlatforms) = preSolution
		Debug|Any CPU = Debug|Any CPU
		Release|Any CPU = Release|Any CPU
	EndGlobalSection
	GlobalSection(ProjectConfigurationPlatforms) = postSolution
		{A39AB5A1-970A-4B25-838C-33E80EC35891}.Debug|Any CPU.ActiveCfg = Debug|Any CPU
		{A39AB5A1-970A-4B25-838C-33E80EC35891}.Debug|Any CPU.Build.0 = Debug|Any CPU
		{A39AB5A1-970A-4B25-838C-33E80EC35891}.Release|Any CPU.ActiveCfg = Release|Any CPU
		{A39AB5A1-970A-4B25-838C-33E80EC35891}.Release|Any CPU.Build.0 = Release|Any CPU
		{D566BE9E-5F1B-4D28-B0CD-A5A7D38C00EB}.Debug|Any CPU.ActiveCfg = Debug|Any CPU
		{D566BE9E-5F1B-4D28-B0CD-A5A7D38C00EB}.Debug|Any CPU.Build.0 = Debug|Any CPU
		{D566BE9E-5F1B-4D28-B0CD-A5A7D38C00EB}.Release|Any CPU.ActiveCfg = Release|Any CPU
		{D566BE9E-5F1B-4D28-B0CD-A5A7D38C00EB}.Release|Any CPU.Build.0 = Release|Any CPU
		{1572DD8F-8D4B-47BD-AB6C-85A2CAE651B4}.Debug|Any CPU.ActiveCfg = Debug|Any CPU
		{1572DD8F-8D4B-47BD-AB6C-85A2CAE651B4}.Debug|Any CPU.Build.0 = Debug|Any CPU
		{1572DD8F-8D4B-47BD-AB6C-85A2CAE651B4}.Release|Any CPU.ActiveCfg = Release|Any CPU
		{1572DD8F-8D4B-47BD-AB6C-85A2CAE651B4}.Release|Any CPU.Build.0 = Release|Any CPU
		{507E0A73-59C6-4D70-85F0-A2512DF5FBDC}.Debug|Any CPU.ActiveCfg = Debug|Any CPU
		{507E0A73-59C6-4D70-85F0-A2512DF5FBDC}.Debug|Any CPU.Build.0 = Debug|Any CPU
		{507E0A73-59C6-4D70-85F0-A2512DF5FBDC}.Release|Any CPU.ActiveCfg = Release|Any CPU
		{507E0A73-59C6-4D70-85F0-A2512DF5FBDC}.Release|Any CPU.Build.0 = Release|Any CPU
		{95613A5E-42DA-4A28-8658-59AEF5647EF4}.Debug|Any CPU.ActiveCfg = Debug|Any CPU
		{95613A5E-42DA-4A28-8658-59AEF5647EF4}.Debug|Any CPU.Build.0 = Debug|Any CPU
		{95613A5E-42DA-4A28-8658-59AEF5647EF4}.Release|Any CPU.ActiveCfg = Release|Any CPU
		{95613A5E-42DA-4A28-8658-59AEF5647EF4}.Release|Any CPU.Build.0 = Release|Any CPU
		{C1B360F5-8501-4E24-9CD7-64EDE1373771}.Debug|Any CPU.ActiveCfg = Debug|Any CPU
		{C1B360F5-8501-4E24-9CD7-64EDE1373771}.Debug|Any CPU.Build.0 = Debug|Any CPU
		{C1B360F5-8501-4E24-9CD7-64EDE1373771}.Release|Any CPU.ActiveCfg = Release|Any CPU
		{C1B360F5-8501-4E24-9CD7-64EDE1373771}.Release|Any CPU.Build.0 = Release|Any CPU
		{63B88799-C2F0-48A2-BB86-461B702E5B82}.Debug|Any CPU.ActiveCfg = Debug|Any CPU
		{63B88799-C2F0-48A2-BB86-461B702E5B82}.Debug|Any CPU.Build.0 = Debug|Any CPU
		{63B88799-C2F0-48A2-BB86-461B702E5B82}.Release|Any CPU.ActiveCfg = Release|Any CPU
		{63B88799-C2F0-48A2-BB86-461B702E5B82}.Release|Any CPU.Build.0 = Release|Any CPU
		{A84AA186-A660-44D7-888F-397C92560733}.Debug|Any CPU.ActiveCfg = Debug|Any CPU
		{A84AA186-A660-44D7-888F-397C92560733}.Debug|Any CPU.Build.0 = Debug|Any CPU
		{A84AA186-A660-44D7-888F-397C92560733}.Release|Any CPU.ActiveCfg = Release|Any CPU
		{A84AA186-A660-44D7-888F-397C92560733}.Release|Any CPU.Build.0 = Release|Any CPU
	EndGlobalSection
	GlobalSection(SolutionProperties) = preSolution
		HideSolutionNode = FALSE
	EndGlobalSection
	GlobalSection(NestedProjects) = preSolution
		{AE253E93-1A56-4F5C-A1B7-534534AE77FE} = {D5760EC3-83DF-4369-8364-B525B87F1E09}
		{60B55F78-6A87-4BED-86C1-EA32B001EB6C} = {D5760EC3-83DF-4369-8364-B525B87F1E09}
		{FCBE4F51-6325-4635-8145-C530AD012F96} = {D5760EC3-83DF-4369-8364-B525B87F1E09}
		{65388425-0B74-431C-94AD-FE73ACBDB268} = {60B55F78-6A87-4BED-86C1-EA32B001EB6C}
		{A39AB5A1-970A-4B25-838C-33E80EC35891} = {65388425-0B74-431C-94AD-FE73ACBDB268}
		{4765E9CE-C639-4777-B4B3-1817C6595E2D} = {FCBE4F51-6325-4635-8145-C530AD012F96}
		{D566BE9E-5F1B-4D28-B0CD-A5A7D38C00EB} = {4765E9CE-C639-4777-B4B3-1817C6595E2D}
		{D59087B7-F3CC-4029-B136-EB1C9A2C2AA3} = {AE253E93-1A56-4F5C-A1B7-534534AE77FE}
		{1572DD8F-8D4B-47BD-AB6C-85A2CAE651B4} = {D59087B7-F3CC-4029-B136-EB1C9A2C2AA3}
		{E77355D6-1784-4F67-9090-11143BACF5A1} = {60B55F78-6A87-4BED-86C1-EA32B001EB6C}
		{8E9991E5-AE7A-44C7-BC4E-55A7ADE96650} = {60B55F78-6A87-4BED-86C1-EA32B001EB6C}
		{4BBB5803-4343-4278-8516-02FCCE741C1A} = {60B55F78-6A87-4BED-86C1-EA32B001EB6C}
		{0CD18CA4-C835-4C7C-ACDA-0DE60E1BA836} = {60B55F78-6A87-4BED-86C1-EA32B001EB6C}
		{F8D9BC80-11A3-427B-BF95-3D1129B57142} = {60B55F78-6A87-4BED-86C1-EA32B001EB6C}
		{507E0A73-59C6-4D70-85F0-A2512DF5FBDC} = {E77355D6-1784-4F67-9090-11143BACF5A1}
		{95613A5E-42DA-4A28-8658-59AEF5647EF4} = {8E9991E5-AE7A-44C7-BC4E-55A7ADE96650}
		{C1B360F5-8501-4E24-9CD7-64EDE1373771} = {4BBB5803-4343-4278-8516-02FCCE741C1A}
		{63B88799-C2F0-48A2-BB86-461B702E5B82} = {0CD18CA4-C835-4C7C-ACDA-0DE60E1BA836}
		{A84AA186-A660-44D7-888F-397C92560733} = {F8D9BC80-11A3-427B-BF95-3D1129B57142}
	EndGlobalSection
	GlobalSection(ExtensibilityGlobals) = postSolution
		SolutionGuid = {88E4E4E3-A35D-4F75-81D5-D86ACBA1F6CC}
	EndGlobalSection
EndGlobal
